
Microsoft Visual Studio Solution File, Format Version 12.00
# Visual Studio Version 16
VisualStudioVersion = 16.0.33328.57
MinimumVisualStudioVersion = 10.0.40219.1
Project("{FAE04EC0-301F-11D3-BF4B-00C04F79EFBC}") = "ElibraryManagement", "WebApplication1\ElibraryManagement.csproj", "{AF6B5876-56B0-490C-B350-DD7B4499ADF7}"
EndProject
Global
	GlobalSection(SolutionConfigurationPlatforms) = preSolution
		Debug|Any CPU = Debug|Any CPU
		Release|Any CPU = Release|Any CPU
	EndGlobalSection
	GlobalSection(ProjectConfigurationPlatforms) = postSolution
		{AF6B5876-56B0-490C-B350-DD7B4499ADF7}.Debug|Any CPU.ActiveCfg = Debug|Any CPU
		{AF6B5876-56B0-490C-B350-DD7B4499ADF7}.Debug|Any CPU.Build.0 = Debug|Any CPU
		{AF6B5876-56B0-490C-B350-DD7B4499ADF7}.Release|Any CPU.ActiveCfg = Release|Any CPU
		{AF6B5876-56B0-490C-B350-DD7B4499ADF7}.Release|Any CPU.Build.0 = Release|Any CPU
	EndGlobalSection
	GlobalSection(SolutionProperties) = preSolution
		HideSolutionNode = FALSE
	EndGlobalSection
	GlobalSection(ExtensibilityGlobals) = postSolution
		SolutionGuid = {EA870982-0871-4D52-AE9D-A4CA4B216ACB}
	EndGlobalSection
EndGlobal
